// !$*UTF8*$!
{
	archiveVersion = 1;
	classes = {
	};
	objectVersion = 46;
	objects = {

/* Begin PBXBuildFile section */
		ACABDDE51AF0FF2200648A0E /* main.m in Sources */ = {isa = PBXBuildFile; fileRef = ACABDDE41AF0FF2200648A0E /* main.m */; };
		ACABDDE81AF0FF2200648A0E /* AppDelegate.m in Sources */ = {isa = PBXBuildFile; fileRef = ACABDDE71AF0FF2200648A0E /* AppDelegate.m */; };
		ACABDDEB1AF0FF2200648A0E /* ViewController.m in Sources */ = {isa = PBXBuildFile; fileRef = ACABDDEA1AF0FF2200648A0E /* ViewController.m */; };
		ACABDDEE1AF0FF2200648A0E /* Main.storyboard in Resources */ = {isa = PBXBuildFile; fileRef = ACABDDEC1AF0FF2200648A0E /* Main.storyboard */; };
		ACABDDF01AF0FF2200648A0E /* Images.xcassets in Resources */ = {isa = PBXBuildFile; fileRef = ACABDDEF1AF0FF2200648A0E /* Images.xcassets */; };
		ACABDDF31AF0FF2200648A0E /* LaunchScreen.xib in Resources */ = {isa = PBXBuildFile; fileRef = ACABDDF11AF0FF2200648A0E /* LaunchScreen.xib */; };
		ACABDDFF1AF0FF2200648A0E /* PokedexTests.m in Sources */ = {isa = PBXBuildFile; fileRef = ACABDDFE1AF0FF2200648A0E /* PokedexTests.m */; };
/* End PBXBuildFile section */

/* Begin PBXContainerItemProxy section */
		ACABDDF91AF0FF2200648A0E /* PBXContainerItemProxy */ = {
			isa = PBXContainerItemProxy;
			containerPortal = ACABDDD71AF0FF2200648A0E /* Project object */;
			proxyType = 1;
			remoteGlobalIDString = ACABDDDE1AF0FF2200648A0E;
			remoteInfo = Pokedex;
		};
/* End PBXContainerItemProxy section */

/* Begin PBXFileReference section */
		ACABDDDF1AF0FF2200648A0E /* Pokedex.app */ = {isa = PBXFileReference; explicitFileType = wrapper.application; includeInIndex = 0; path = Pokedex.app; sourceTree = BUILT_PRODUCTS_DIR; };
		ACABDDE31AF0FF2200648A0E /* Info.plist */ = {isa = PBXFileReference; lastKnownFileType = text.plist.xml; path = Info.plist; sourceTree = "<group>"; };
		ACABDDE41AF0FF2200648A0E /* main.m */ = {isa = PBXFileReference; lastKnownFileType = sourcecode.c.objc; path = main.m; sourceTree = "<group>"; };
		ACABDDE61AF0FF2200648A0E /* AppDelegate.h */ = {isa = PBXFileReference; lastKnownFileType = sourcecode.c.h; path = AppDelegate.h; sourceTree = "<group>"; };
		ACABDDE71AF0FF2200648A0E /* AppDelegate.m */ = {isa = PBXFileReference; lastKnownFileType = sourcecode.c.objc; path = AppDelegate.m; sourceTree = "<group>"; };
		ACABDDE91AF0FF2200648A0E /* ViewController.h */ = {isa = PBXFileReference; lastKnownFileType = sourcecode.c.h; path = ViewController.h; sourceTree = "<group>"; };
		ACABDDEA1AF0FF2200648A0E /* ViewController.m */ = {isa = PBXFileReference; lastKnownFileType = sourcecode.c.objc; path = ViewController.m; sourceTree = "<group>"; };
		ACABDDED1AF0FF2200648A0E /* Base */ = {isa = PBXFileReference; lastKnownFileType = file.storyboard; name = Base; path = Base.lproj/Main.storyboard; sourceTree = "<group>"; };
		ACABDDEF1AF0FF2200648A0E /* Images.xcassets */ = {isa = PBXFileReference; lastKnownFileType = folder.assetcatalog; path = Images.xcassets; sourceTree = "<group>"; };
		ACABDDF21AF0FF2200648A0E /* Base */ = {isa = PBXFileReference; lastKnownFileType = file.xib; name = Base; path = Base.lproj/LaunchScreen.xib; sourceTree = "<group>"; };
		ACABDDF81AF0FF2200648A0E /* PokedexTests.xctest */ = {isa = PBXFileReference; explicitFileType = wrapper.cfbundle; includeInIndex = 0; path = PokedexTests.xctest; sourceTree = BUILT_PRODUCTS_DIR; };
		ACABDDFD1AF0FF2200648A0E /* Info.plist */ = {isa = PBXFileReference; lastKnownFileType = text.plist.xml; path = Info.plist; sourceTree = "<group>"; };
		ACABDDFE1AF0FF2200648A0E /* PokedexTests.m */ = {isa = PBXFileReference; lastKnownFileType = sourcecode.c.objc; path = PokedexTests.m; sourceTree = "<group>"; };
/* End PBXFileReference section */

/* Begin PBXFrameworksBuildPhase section */
		ACABDDDC1AF0FF2200648A0E /* Frameworks */ = {
			isa = PBXFrameworksBuildPhase;
			buildActionMask = 2147483647;
			files = (
			);
			runOnlyForDeploymentPostprocessing = 0;
		};
		ACABDDF51AF0FF2200648A0E /* Frameworks */ = {
			isa = PBXFrameworksBuildPhase;
			buildActionMask = 2147483647;
			files = (
			);
			runOnlyForDeploymentPostprocessing = 0;
		};
/* End PBXFrameworksBuildPhase section */

/* Begin PBXGroup section */
		ACABDDD61AF0FF2200648A0E = {
			isa = PBXGroup;
			children = (
				ACABDDE11AF0FF2200648A0E /* Pokedex */,
				ACABDDFB1AF0FF2200648A0E /* PokedexTests */,
				ACABDDE01AF0FF2200648A0E /* Products */,
			);
			sourceTree = "<group>";
		};
		ACABDDE01AF0FF2200648A0E /* Products */ = {
			isa = PBXGroup;
			children = (
				ACABDDDF1AF0FF2200648A0E /* Pokedex.app */,
				ACABDDF81AF0FF2200648A0E /* PokedexTests.xctest */,
			);
			name = Products;
			sourceTree = "<group>";
		};
		ACABDDE11AF0FF2200648A0E /* Pokedex */ = {
			isa = PBXGroup;
			children = (
				ACABDDE61AF0FF2200648A0E /* AppDelegate.h */,
				ACABDDE71AF0FF2200648A0E /* AppDelegate.m */,
				ACABDDE91AF0FF2200648A0E /* ViewController.h */,
				ACABDDEA1AF0FF2200648A0E /* ViewController.m */,
				ACABDDEC1AF0FF2200648A0E /* Main.storyboard */,
				ACABDDEF1AF0FF2200648A0E /* Images.xcassets */,
				ACABDDF11AF0FF2200648A0E /* LaunchScreen.xib */,
				ACABDDE21AF0FF2200648A0E /* Supporting Files */,
			);
			path = Pokedex;
			sourceTree = "<group>";
		};
		ACABDDE21AF0FF2200648A0E /* Supporting Files */ = {
			isa = PBXGroup;
			children = (
				ACABDDE31AF0FF2200648A0E /* Info.plist */,
				ACABDDE41AF0FF2200648A0E /* main.m */,
			);
			name = "Supporting Files";
			sourceTree = "<group>";
		};
		ACABDDFB1AF0FF2200648A0E /* PokedexTests */ = {
			isa = PBXGroup;
			children = (
				ACABDDFE1AF0FF2200648A0E /* PokedexTests.m */,
				ACABDDFC1AF0FF2200648A0E /* Supporting Files */,
			);
			path = PokedexTests;
			sourceTree = "<group>";
		};
		ACABDDFC1AF0FF2200648A0E /* Supporting Files */ = {
			isa = PBXGroup;
			children = (
				ACABDDFD1AF0FF2200648A0E /* Info.plist */,
			);
			name = "Supporting Files";
			sourceTree = "<group>";
		};
/* End PBXGroup section */

/* Begin PBXNativeTarget section */
		ACABDDDE1AF0FF2200648A0E /* Pokedex */ = {
			isa = PBXNativeTarget;
			buildConfigurationList = ACABDE021AF0FF2200648A0E /* Build configuration list for PBXNativeTarget "Pokedex" */;
			buildPhases = (
				ACABDDDB1AF0FF2200648A0E /* Sources */,
				ACABDDDC1AF0FF2200648A0E /* Frameworks */,
				ACABDDDD1AF0FF2200648A0E /* Resources */,
			);
			buildRules = (
			);
			dependencies = (
			);
			name = Pokedex;
			productName = Pokedex;
			productReference = ACABDDDF1AF0FF2200648A0E /* Pokedex.app */;
			productType = "com.apple.product-type.application";
		};
		ACABDDF71AF0FF2200648A0E /* PokedexTests */ = {
			isa = PBXNativeTarget;
			buildConfigurationList = ACABDE051AF0FF2200648A0E /* Build configuration list for PBXNativeTarget "PokedexTests" */;
			buildPhases = (
				ACABDDF41AF0FF2200648A0E /* Sources */,
				ACABDDF51AF0FF2200648A0E /* Frameworks */,
				ACABDDF61AF0FF2200648A0E /* Resources */,
			);
			buildRules = (
			);
			dependencies = (
				ACABDDFA1AF0FF2200648A0E /* PBXTargetDependency */,
			);
			name = PokedexTests;
			productName = PokedexTests;
			productReference = ACABDDF81AF0FF2200648A0E /* PokedexTests.xctest */;
			productType = "com.apple.product-type.bundle.unit-test";
		};
/* End PBXNativeTarget section */

/* Begin PBXProject section */
		ACABDDD71AF0FF2200648A0E /* Project object */ = {
			isa = PBXProject;
			attributes = {
				LastUpgradeCheck = 0610;
				ORGANIZATIONNAME = prachi;
				TargetAttributes = {
					ACABDDDE1AF0FF2200648A0E = {
						CreatedOnToolsVersion = 6.1.1;
					};
					ACABDDF71AF0FF2200648A0E = {
						CreatedOnToolsVersion = 6.1.1;
						TestTargetID = ACABDDDE1AF0FF2200648A0E;
					};
				};
			};
			buildConfigurationList = ACABDDDA1AF0FF2200648A0E /* Build configuration list for PBXProject "Pokedex" */;
			compatibilityVersion = "Xcode 3.2";
			developmentRegion = English;
			hasScannedForEncodings = 0;
			knownRegions = (
				en,
				Base,
			);
			mainGroup = ACABDDD61AF0FF2200648A0E;
			productRefGroup = ACABDDE01AF0FF2200648A0E /* Products */;
			projectDirPath = "";
			projectRoot = "";
			targets = (
				ACABDDDE1AF0FF2200648A0E /* Pokedex */,
				ACABDDF71AF0FF2200648A0E /* PokedexTests */,
			);
		};
/* End PBXProject section */

/* Begin PBXResourcesBuildPhase section */
		ACABDDDD1AF0FF2200648A0E /* Resources */ = {
			isa = PBXResourcesBuildPhase;
			buildActionMask = 2147483647;
			files = (
				ACABDDEE1AF0FF2200648A0E /* Main.storyboard in Resources */,
				ACABDDF31AF0FF2200648A0E /* LaunchScreen.xib in Resources */,
				ACABDDF01AF0FF2200648A0E /* Images.xcassets in Resources */,
			);
			runOnlyForDeploymentPostprocessing = 0;
		};
		ACABDDF61AF0FF2200648A0E /* Resources */ = {
			isa = PBXResourcesBuildPhase;
			buildActionMask = 2147483647;
			files = (
			);
			runOnlyForDeploymentPostprocessing = 0;
		};
/* End PBXResourcesBuildPhase section */

/* Begin PBXSourcesBuildPhase section */
		ACABDDDB1AF0FF2200648A0E /* Sources */ = {
			isa = PBXSourcesBuildPhase;
			buildActionMask = 2147483647;
			files = (
				ACABDDEB1AF0FF2200648A0E /* ViewController.m in Sources */,
				ACABDDE81AF0FF2200648A0E /* AppDelegate.m in Sources */,
				ACABDDE51AF0FF2200648A0E /* main.m in Sources */,
			);
			runOnlyForDeploymentPostprocessing = 0;
		};
		ACABDDF41AF0FF2200648A0E /* Sources */ = {
			isa = PBXSourcesBuildPhase;
			buildActionMask = 2147483647;
			files = (
				ACABDDFF1AF0FF2200648A0E /* PokedexTests.m in Sources */,
			);
			runOnlyForDeploymentPostprocessing = 0;
		};
/* End PBXSourcesBuildPhase section */

/* Begin PBXTargetDependency section */
		ACABDDFA1AF0FF2200648A0E /* PBXTargetDependency */ = {
			isa = PBXTargetDependency;
			target = ACABDDDE1AF0FF2200648A0E /* Pokedex */;
			targetProxy = ACABDDF91AF0FF2200648A0E /* PBXContainerItemProxy */;
		};
/* End PBXTargetDependency section */

/* Begin PBXVariantGroup section */
		ACABDDEC1AF0FF2200648A0E /* Main.storyboard */ = {
			isa = PBXVariantGroup;
			children = (
				ACABDDED1AF0FF2200648A0E /* Base */,
			);
			name = Main.storyboard;
			sourceTree = "<group>";
		};
		ACABDDF11AF0FF2200648A0E /* LaunchScreen.xib */ = {
			isa = PBXVariantGroup;
			children = (
				ACABDDF21AF0FF2200648A0E /* Base */,
			);
			name = LaunchScreen.xib;
			sourceTree = "<group>";
		};
/* End PBXVariantGroup section */

/* Begin XCBuildConfiguration section */
		ACABDE001AF0FF2200648A0E /* Debug */ = {
			isa = XCBuildConfiguration;
			buildSettings = {
				ALWAYS_SEARCH_USER_PATHS = NO;
				CLANG_CXX_LANGUAGE_STANDARD = "gnu++0x";
				CLANG_CXX_LIBRARY = "libc++";
				CLANG_ENABLE_MODULES = YES;
				CLANG_ENABLE_OBJC_ARC = YES;
				CLANG_WARN_BOOL_CONVERSION = YES;
				CLANG_WARN_CONSTANT_CONVERSION = YES;
				CLANG_WARN_DIRECT_OBJC_ISA_USAGE = YES_ERROR;
				CLANG_WARN_EMPTY_BODY = YES;
				CLANG_WARN_ENUM_CONVERSION = YES;
				CLANG_WARN_INT_CONVERSION = YES;
				CLANG_WARN_OBJC_ROOT_CLASS = YES_ERROR;
				CLANG_WARN_UNREACHABLE_CODE = YES;
				CLANG_WARN__DUPLICATE_METHOD_MATCH = YES;
				"CODE_SIGN_IDENTITY[sdk=iphoneos*]" = "iPhone Developer";
				COPY_PHASE_STRIP = NO;
				ENABLE_STRICT_OBJC_MSGSEND = YES;
				GCC_C_LANGUAGE_STANDARD = gnu99;
				GCC_DYNAMIC_NO_PIC = NO;
				GCC_OPTIMIZATION_LEVEL = 0;
				GCC_PREPROCESSOR_DEFINITIONS = (
					"DEBUG=1",
					"$(inherited)",
				);
				GCC_SYMBOLS_PRIVATE_EXTERN = NO;
				GCC_WARN_64_TO_32_BIT_CONVERSION = YES;
				GCC_WARN_ABOUT_RETURN_TYPE = YES_ERROR;
				GCC_WARN_UNDECLARED_SELECTOR = YES;
				GCC_WARN_UNINITIALIZED_AUTOS = YES_AGGRESSIVE;
				GCC_WARN_UNUSED_FUNCTION = YES;
				GCC_WARN_UNUSED_VARIABLE = YES;
				IPHONEOS_DEPLOYMENT_TARGET = 8.1;
				MTL_ENABLE_DEBUG_INFO = YES;
				ONLY_ACTIVE_ARCH = YES;
				SDKROOT = iphoneos;
			};
			name = Debug;
		};
		ACABDE011AF0FF2200648A0E /* Release */ = {
			isa = XCBuildConfiguration;
			buildSettings = {
				ALWAYS_SEARCH_USER_PATHS = NO;
				CLANG_CXX_LANGUAGE_STANDARD = "gnu++0x";
				CLANG_CXX_LIBRARY = "libc++";
				CLANG_ENABLE_MODULES = YES;
				CLANG_ENABLE_OBJC_ARC = YES;
				CLANG_WARN_BOOL_CONVERSION = YES;
				CLANG_WARN_CONSTANT_CONVERSION = YES;
				CLANG_WARN_DIRECT_OBJC_ISA_USAGE = YES_ERROR;
				CLANG_WARN_EMPTY_BODY = YES;
				CLANG_WARN_ENUM_CONVERSION = YES;
				CLANG_WARN_INT_CONVERSION = YES;
				CLANG_WARN_OBJC_ROOT_CLASS = YES_ERROR;
				CLANG_WARN_UNREACHABLE_CODE = YES;
				CLANG_WARN__DUPLICATE_METHOD_MATCH = YES;
				"CODE_SIGN_IDENTITY[sdk=iphoneos*]" = "iPhone Developer";
				COPY_PHASE_STRIP = YES;
				ENABLE_NS_ASSERTIONS = NO;
				ENABLE_STRICT_OBJC_MSGSEND = YES;
				GCC_C_LANGUAGE_STANDARD = gnu99;
				GCC_WARN_64_TO_32_BIT_CONVERSION = YES;
				GCC_WARN_ABOUT_RETURN_TYPE = YES_ERROR;
				GCC_WARN_UNDECLARED_SELECTOR = YES;
				GCC_WARN_UNINITIALIZED_AUTOS = YES_AGGRESSIVE;
				GCC_WARN_UNUSED_FUNCTION = YES;
				GCC_WARN_UNUSED_VARIABLE = YES;
				IPHONEOS_DEPLOYMENT_TARGET = 8.1;
				MTL_ENABLE_DEBUG_INFO = NO;
				SDKROOT = iphoneos;
				VALIDATE_PRODUCT = YES;
			};
			name = Release;
		};
		ACABDE031AF0FF2200648A0E /* Debug */ = {
			isa = XCBuildConfiguration;
			buildSettings = {
				ASSETCATALOG_COMPILER_APPICON_NAME = AppIcon;
				INFOPLIST_FILE = Pokedex/Info.plist;
				LD_RUNPATH_SEARCH_PATHS = "$(inherited) @executable_path/Frameworks";
				PRODUCT_NAME = "$(TARGET_NAME)";
			};
			name = Debug;
		};
		ACABDE041AF0FF2200648A0E /* Release */ = {
			isa = XCBuildConfiguration;
			buildSettings = {
				ASSETCATALOG_COMPILER_APPICON_NAME = AppIcon;
				INFOPLIST_FILE = Pokedex/Info.plist;
				LD_RUNPATH_SEARCH_PATHS = "$(inherited) @executable_path/Frameworks";
				PRODUCT_NAME = "$(TARGET_NAME)";
			};
			name = Release;
		};
		ACABDE061AF0FF2200648A0E /* Debug */ = {
			isa = XCBuildConfiguration;
			buildSettings = {
				BUNDLE_LOADER = "$(TEST_HOST)";
				FRAMEWORK_SEARCH_PATHS = (
					"$(SDKROOT)/Developer/Library/Frameworks",
					"$(inherited)",
				);
				GCC_PREPROCESSOR_DEFINITIONS = (
					"DEBUG=1",
					"$(inherited)",
				);
				INFOPLIST_FILE = PokedexTests/Info.plist;
				LD_RUNPATH_SEARCH_PATHS = "$(inherited) @executable_path/Frameworks @loader_path/Frameworks";
				PRODUCT_NAME = "$(TARGET_NAME)";
				TEST_HOST = "$(BUILT_PRODUCTS_DIR)/Pokedex.app/Pokedex";
			};
			name = Debug;
		};
		ACABDE071AF0FF2200648A0E /* Release */ = {
			isa = XCBuildConfiguration;
			buildSettings = {
				BUNDLE_LOADER = "$(TEST_HOST)";
				FRAMEWORK_SEARCH_PATHS = (
					"$(SDKROOT)/Developer/Library/Frameworks",
					"$(inherited)",
				);
				INFOPLIST_FILE = PokedexTests/Info.plist;
				LD_RUNPATH_SEARCH_PATHS = "$(inherited) @executable_path/Frameworks @loader_path/Frameworks";
				PRODUCT_NAME = "$(TARGET_NAME)";
				TEST_HOST = "$(BUILT_PRODUCTS_DIR)/Pokedex.app/Pokedex";
			};
			name = Release;
		};
/* End XCBuildConfiguration section */

/* Begin XCConfigurationList section */
		ACABDDDA1AF0FF2200648A0E /* Build configuration list for PBXProject "Pokedex" */ = {
			isa = XCConfigurationList;
			buildConfigurations = (
				ACABDE001AF0FF2200648A0E /* Debug */,
				ACABDE011AF0FF2200648A0E /* Release */,
			);
			defaultConfigurationIsVisible = 0;
			defaultConfigurationName = Release;
		};
		ACABDE021AF0FF2200648A0E /* Build configuration list for PBXNativeTarget "Pokedex" */ = {
			isa = XCConfigurationList;
			buildConfigurations = (
				ACABDE031AF0FF2200648A0E /* Debug */,
				ACABDE041AF0FF2200648A0E /* Release */,
			);
			defaultConfigurationIsVisible = 0;
		};
		ACABDE051AF0FF2200648A0E /* Build configuration list for PBXNativeTarget "PokedexTests" */ = {
			isa = XCConfigurationList;
			buildConfigurations = (
				ACABDE061AF0FF2200648A0E /* Debug */,
				ACABDE071AF0FF2200648A0E /* Release */,
			);
			defaultConfigurationIsVisible = 0;
		};
/* End XCConfigurationList section */
	};
	rootObject = ACABDDD71AF0FF2200648A0E /* Project object */;
}
